
Microsoft Visual Studio Solution File, Format Version 12.00
# Visual Studio 15
VisualStudioVersion = 15.0.34526.175
MinimumVisualStudioVersion = 10.0.40219.1
Project("{FAE04EC0-301F-11D3-BF4B-00C04F79EFBC}") = "product_stock_tracker", "product_stock_tracker\product_stock_tracker.csproj", "{625797A7-BA95-4331-8AC4-3FF2A020E7EF}"
EndProject
Global
	GlobalSection(SolutionConfigurationPlatforms) = preSolution
		Debug|Any CPU = Debug|Any CPU
		Release|Any CPU = Release|Any CPU
	EndGlobalSection
	GlobalSection(ProjectConfigurationPlatforms) = postSolution
		{625797A7-BA95-4331-8AC4-3FF2A020E7EF}.Debug|Any CPU.ActiveCfg = Debug|Any CPU
		{625797A7-BA95-4331-8AC4-3FF2A020E7EF}.Debug|Any CPU.Build.0 = Debug|Any CPU
		{625797A7-BA95-4331-8AC4-3FF2A020E7EF}.Release|Any CPU.ActiveCfg = Release|Any CPU
		{625797A7-BA95-4331-8AC4-3FF2A020E7EF}.Release|Any CPU.Build.0 = Release|Any CPU
	EndGlobalSection
	GlobalSection(SolutionProperties) = preSolution
		HideSolutionNode = FALSE
	EndGlobalSection
	GlobalSection(ExtensibilityGlobals) = postSolution
		SolutionGuid = {CBA68CD7-6110-4E16-9FAE-64C9D5344D37}
	EndGlobalSection
EndGlobal
